Microsoft Visual Studio Solution File, Format Version 10.00
# Visual Studio 2008
Project("{E24C65DC-7377-472B-9ABA-BC803B73C61A}") = "ExerciseSoapReverserExtension", "http://localhost/ExerciseSoapReverserExtension/ExerciseSoapReverserExtension.csproj", "{F801E054-CFC2-44E6-A473-8C4B2BCCAC7C}"
	ProjectSection(WebsiteProperties) = preProject
		Debug.AspNetCompiler.Debug = "True"
		Release.AspNetCompiler.Debug = "False"
	EndProjectSection
EndProject
Global
	GlobalSection(SolutionConfigurationPlatforms) = preSolution
		Debug|Default = Debug|Default
		Release|Default = Release|Default
	EndGlobalSection
	GlobalSection(ProjectConfigurationPlatforms) = postSolution
		{F801E054-CFC2-44E6-A473-8C4B2BCCAC7C}.Debug|Default.ActiveCfg = Debug|.NET
		{F801E054-CFC2-44E6-A473-8C4B2BCCAC7C}.Debug|Default.Build.0 = Debug|.NET
		{F801E054-CFC2-44E6-A473-8C4B2BCCAC7C}.Release|Default.ActiveCfg = Release|.NET
		{F801E054-CFC2-44E6-A473-8C4B2BCCAC7C}.Release|Default.Build.0 = Release|.NET
	EndGlobalSection
	GlobalSection(SolutionProperties) = preSolution
		HideSolutionNode = FALSE
	EndGlobalSection
EndGlobal
