
Microsoft Visual Studio Solution File, Format Version 10.00
# Visual Studio 2008
Project("{54435603-DBB4-11D2-8724-00A0C9A8B90C}") = "MyFullAttributes", "MyFullAttributes\MyFullAttributes.vdproj", "{125732E2-DF7E-42FA-8600-210384595EC4}"
EndProject
Global
	GlobalSection(SolutionConfigurationPlatforms) = preSolution
		Debug|Default = Debug|Default
		Release|Default = Release|Default
	EndGlobalSection
	GlobalSection(ProjectConfigurationPlatforms) = postSolution
		{125732E2-DF7E-42FA-8600-210384595EC4}.Debug|Default.ActiveCfg = Debug
		{125732E2-DF7E-42FA-8600-210384595EC4}.Debug|Default.Build.0 = Debug
		{125732E2-DF7E-42FA-8600-210384595EC4}.Release|Default.ActiveCfg = Release
		{125732E2-DF7E-42FA-8600-210384595EC4}.Release|Default.Build.0 = Release
	EndGlobalSection
	GlobalSection(SolutionProperties) = preSolution
		HideSolutionNode = FALSE
	EndGlobalSection
EndGlobal
