
Microsoft Visual Studio Solution File, Format Version 11.00
# Visual Studio 2010
Project("{FAE04EC0-301F-11D3-BF4B-00C04F79EFBC}") = "UseOfReflections", "UseOfReflections\UseOfReflections.csproj", "{5C9268C0-2CC6-46A9-A210-1C5DD2530B4A}"
EndProject
Global
	GlobalSection(SolutionConfigurationPlatforms) = preSolution
		Debug|Any CPU = Debug|Any CPU
		Release|Any CPU = Release|Any CPU
	EndGlobalSection
	GlobalSection(ProjectConfigurationPlatforms) = postSolution
		{5C9268C0-2CC6-46A9-A210-1C5DD2530B4A}.Debug|Any CPU.ActiveCfg = Debug|Any CPU
		{5C9268C0-2CC6-46A9-A210-1C5DD2530B4A}.Debug|Any CPU.Build.0 = Debug|Any CPU
		{5C9268C0-2CC6-46A9-A210-1C5DD2530B4A}.Release|Any CPU.ActiveCfg = Release|Any CPU
		{5C9268C0-2CC6-46A9-A210-1C5DD2530B4A}.Release|Any CPU.Build.0 = Release|Any CPU
	EndGlobalSection
	GlobalSection(SolutionProperties) = preSolution
		HideSolutionNode = FALSE
	EndGlobalSection
EndGlobal
