
Microsoft Visual Studio Solution File, Format Version 10.00
# Visual Studio 2008
Project("{FAE04EC0-301F-11D3-BF4B-00C04F79EFBC}") = "InheritingButtonClass", "InheritingButtonClass\InheritingButtonClass.csproj", "{D28A8298-F55D-4BEB-B09E-9433DBD820B0}"
EndProject
Project("{FAE04EC0-301F-11D3-BF4B-00C04F79EFBC}") = "MyButton", "MyButton\MyButton.csproj", "{F01BEDBB-66F4-49E8-A376-F322072AF318}"
EndProject
Global
	GlobalSection(SolutionConfigurationPlatforms) = preSolution
		Debug|Any CPU = Debug|Any CPU
		Release|Any CPU = Release|Any CPU
	EndGlobalSection
	GlobalSection(ProjectConfigurationPlatforms) = postSolution
		{D28A8298-F55D-4BEB-B09E-9433DBD820B0}.Debug|Any CPU.ActiveCfg = Debug|Any CPU
		{D28A8298-F55D-4BEB-B09E-9433DBD820B0}.Debug|Any CPU.Build.0 = Debug|Any CPU
		{D28A8298-F55D-4BEB-B09E-9433DBD820B0}.Release|Any CPU.ActiveCfg = Release|Any CPU
		{D28A8298-F55D-4BEB-B09E-9433DBD820B0}.Release|Any CPU.Build.0 = Release|Any CPU
		{F01BEDBB-66F4-49E8-A376-F322072AF318}.Debug|Any CPU.ActiveCfg = Debug|Any CPU
		{F01BEDBB-66F4-49E8-A376-F322072AF318}.Debug|Any CPU.Build.0 = Debug|Any CPU
		{F01BEDBB-66F4-49E8-A376-F322072AF318}.Release|Any CPU.ActiveCfg = Release|Any CPU
		{F01BEDBB-66F4-49E8-A376-F322072AF318}.Release|Any CPU.Build.0 = Release|Any CPU
	EndGlobalSection
	GlobalSection(SolutionProperties) = preSolution
		HideSolutionNode = FALSE
	EndGlobalSection
EndGlobal
