
Microsoft Visual Studio Solution File, Format Version 12.00
# Visual Studio 2012
Project("{FAE04EC0-301F-11D3-BF4B-00C04F79EFBC}") = "JSonSampleService", "JSonSampleService\JSonSampleService.csproj", "{28BB8575-2305-46F2-8D74-A608FFD09805}"
EndProject
Project("{E24C65DC-7377-472B-9ABA-BC803B73C61A}") = "JSonSampleSite", "http://localhost:18627", "{7F860B98-A3A6-4CA2-9F7D-A2CA96C60AF8}"
	ProjectSection(WebsiteProperties) = preProject
		UseIISExpress = "true"
		TargetFrameworkMoniker = ".NETFramework,Version%3Dv4.5"
		Debug.AspNetCompiler.VirtualPath = "/localhost_18627"
		Debug.AspNetCompiler.PhysicalPath = "..\JSonSampleSite\"
		Debug.AspNetCompiler.TargetPath = "PrecompiledWeb\localhost_18627\"
		Debug.AspNetCompiler.Updateable = "true"
		Debug.AspNetCompiler.ForceOverwrite = "true"
		Debug.AspNetCompiler.FixedNames = "false"
		Debug.AspNetCompiler.Debug = "True"
		Release.AspNetCompiler.VirtualPath = "/localhost_18627"
		Release.AspNetCompiler.PhysicalPath = "..\JSonSampleSite\"
		Release.AspNetCompiler.TargetPath = "PrecompiledWeb\localhost_18627\"
		Release.AspNetCompiler.Updateable = "true"
		Release.AspNetCompiler.ForceOverwrite = "true"
		Release.AspNetCompiler.FixedNames = "false"
		Release.AspNetCompiler.Debug = "False"
		SlnRelativePath = "..\JSonSampleSite\"
		DefaultWebSiteLanguage = "Visual C#"
	EndProjectSection
EndProject
Global
	GlobalSection(SolutionConfigurationPlatforms) = preSolution
		Debug|Any CPU = Debug|Any CPU
		Release|Any CPU = Release|Any CPU
	EndGlobalSection
	GlobalSection(ProjectConfigurationPlatforms) = postSolution
		{28BB8575-2305-46F2-8D74-A608FFD09805}.Debug|Any CPU.ActiveCfg = Debug|Any CPU
		{28BB8575-2305-46F2-8D74-A608FFD09805}.Debug|Any CPU.Build.0 = Debug|Any CPU
		{28BB8575-2305-46F2-8D74-A608FFD09805}.Release|Any CPU.ActiveCfg = Release|Any CPU
		{28BB8575-2305-46F2-8D74-A608FFD09805}.Release|Any CPU.Build.0 = Release|Any CPU
		{7F860B98-A3A6-4CA2-9F7D-A2CA96C60AF8}.Debug|Any CPU.ActiveCfg = Debug|Any CPU
		{7F860B98-A3A6-4CA2-9F7D-A2CA96C60AF8}.Debug|Any CPU.Build.0 = Debug|Any CPU
		{7F860B98-A3A6-4CA2-9F7D-A2CA96C60AF8}.Release|Any CPU.ActiveCfg = Debug|Any CPU
		{7F860B98-A3A6-4CA2-9F7D-A2CA96C60AF8}.Release|Any CPU.Build.0 = Debug|Any CPU
	EndGlobalSection
	GlobalSection(SolutionProperties) = preSolution
		HideSolutionNode = FALSE
	EndGlobalSection
EndGlobal
