
Microsoft Visual Studio Solution File, Format Version 11.00
# Visual Studio 2010
Project("{F088123C-0E9E-452A-89E6-6BA2F21D5CAC}") = "SyncadaPortalModelling", "SyncadaPortalModelling\SyncadaPortalModelling.modelproj", "{BCE3FB15-4CA6-453E-9AAA-16E6508533C8}"
EndProject
Global
	GlobalSection(SolutionConfigurationPlatforms) = preSolution
		Debug|Any CPU = Debug|Any CPU
		Release|Any CPU = Release|Any CPU
	EndGlobalSection
	GlobalSection(ProjectConfigurationPlatforms) = postSolution
		{BCE3FB15-4CA6-453E-9AAA-16E6508533C8}.Debug|Any CPU.ActiveCfg = Debug|Any CPU
		{BCE3FB15-4CA6-453E-9AAA-16E6508533C8}.Debug|Any CPU.Build.0 = Debug|Any CPU
		{BCE3FB15-4CA6-453E-9AAA-16E6508533C8}.Release|Any CPU.ActiveCfg = Release|Any CPU
		{BCE3FB15-4CA6-453E-9AAA-16E6508533C8}.Release|Any CPU.Build.0 = Release|Any CPU
	EndGlobalSection
	GlobalSection(SolutionProperties) = preSolution
		HideSolutionNode = FALSE
	EndGlobalSection
EndGlobal
