
Microsoft Visual Studio Solution File, Format Version 12.00
# Visual Studio 2012
Project("{E24C65DC-7377-472B-9ABA-BC803B73C61A}") = "HDI-AJAX-TK-DynAddCtrl-CS", "..\..\..\..\SampleCodes\asp.net\DynamicallyLoadControls\CS-ASP-AJAX-TK-DynAddCtrl-CS\HDI-AJAX-TK-DynAddCtrl-CS", "{738F3A41-3B54-4DC0-9461-B23607B71B06}"
	ProjectSection(WebsiteProperties) = preProject
		TargetFrameworkMoniker = ".NETFramework,Version%3Dv3.5"
		Debug.AspNetCompiler.VirtualPath = "/HDI-AJAX-TK-DynAddCtrl-CS"
		Debug.AspNetCompiler.PhysicalPath = "..\..\..\..\SampleCodes\asp.net\DynamicallyLoadControls\CS-ASP-AJAX-TK-DynAddCtrl-CS\HDI-AJAX-TK-DynAddCtrl-CS\"
		Debug.AspNetCompiler.TargetPath = "PrecompiledWeb\HDI-AJAX-TK-DynAddCtrl-CS\"
		Debug.AspNetCompiler.Updateable = "true"
		Debug.AspNetCompiler.ForceOverwrite = "true"
		Debug.AspNetCompiler.FixedNames = "false"
		Debug.AspNetCompiler.Debug = "True"
		Release.AspNetCompiler.VirtualPath = "/HDI-AJAX-TK-DynAddCtrl-CS"
		Release.AspNetCompiler.PhysicalPath = "..\..\..\..\SampleCodes\asp.net\DynamicallyLoadControls\CS-ASP-AJAX-TK-DynAddCtrl-CS\HDI-AJAX-TK-DynAddCtrl-CS\"
		Release.AspNetCompiler.TargetPath = "PrecompiledWeb\HDI-AJAX-TK-DynAddCtrl-CS\"
		Release.AspNetCompiler.Updateable = "true"
		Release.AspNetCompiler.ForceOverwrite = "true"
		Release.AspNetCompiler.FixedNames = "false"
		Release.AspNetCompiler.Debug = "False"
		VWDPort = "42743"
	EndProjectSection
EndProject
Global
	GlobalSection(SolutionConfigurationPlatforms) = preSolution
		Debug|Any CPU = Debug|Any CPU
	EndGlobalSection
	GlobalSection(ProjectConfigurationPlatforms) = postSolution
		{738F3A41-3B54-4DC0-9461-B23607B71B06}.Debug|Any CPU.ActiveCfg = Debug|Any CPU
		{738F3A41-3B54-4DC0-9461-B23607B71B06}.Debug|Any CPU.Build.0 = Debug|Any CPU
	EndGlobalSection
	GlobalSection(SolutionProperties) = preSolution
		HideSolutionNode = FALSE
	EndGlobalSection
EndGlobal
