
Microsoft Visual Studio Solution File, Format Version 10.00
# Visual Studio 2008
Project("{FAE04EC0-301F-11D3-BF4B-00C04F79EFBC}") = "UseOfDataGrid", "UseOfDataGrid\UseOfDataGrid.csproj", "{CE6B5574-73B8-4A62-90DD-6FD69A10C236}"
EndProject
Global
	GlobalSection(SolutionConfigurationPlatforms) = preSolution
		Debug|Any CPU = Debug|Any CPU
		Release|Any CPU = Release|Any CPU
	EndGlobalSection
	GlobalSection(ProjectConfigurationPlatforms) = postSolution
		{CE6B5574-73B8-4A62-90DD-6FD69A10C236}.Debug|Any CPU.ActiveCfg = Debug|Any CPU
		{CE6B5574-73B8-4A62-90DD-6FD69A10C236}.Debug|Any CPU.Build.0 = Debug|Any CPU
		{CE6B5574-73B8-4A62-90DD-6FD69A10C236}.Release|Any CPU.ActiveCfg = Release|Any CPU
		{CE6B5574-73B8-4A62-90DD-6FD69A10C236}.Release|Any CPU.Build.0 = Release|Any CPU
	EndGlobalSection
	GlobalSection(SolutionProperties) = preSolution
		HideSolutionNode = FALSE
	EndGlobalSection
EndGlobal
