
Microsoft Visual Studio Solution File, Format Version 12.00
# Visual Studio 2012
Project("{FAE04EC0-301F-11D3-BF4B-00C04F79EFBC}") = "MesssageSecurityService", "MesssageSecurityService\MesssageSecurityService.csproj", "{D3918275-EFCB-4509-BFE0-B54D45D21A8B}"
EndProject
Project("{FAE04EC0-301F-11D3-BF4B-00C04F79EFBC}") = "MessageSecurityClient", "MessageSecurityClient\MessageSecurityClient.csproj", "{59B02FC5-3D57-4120-9B9D-81103F3600A4}"
EndProject
Global
	GlobalSection(SolutionConfigurationPlatforms) = preSolution
		Debug|Any CPU = Debug|Any CPU
		Release|Any CPU = Release|Any CPU
	EndGlobalSection
	GlobalSection(ProjectConfigurationPlatforms) = postSolution
		{D3918275-EFCB-4509-BFE0-B54D45D21A8B}.Debug|Any CPU.ActiveCfg = Debug|Any CPU
		{D3918275-EFCB-4509-BFE0-B54D45D21A8B}.Debug|Any CPU.Build.0 = Debug|Any CPU
		{D3918275-EFCB-4509-BFE0-B54D45D21A8B}.Release|Any CPU.ActiveCfg = Release|Any CPU
		{D3918275-EFCB-4509-BFE0-B54D45D21A8B}.Release|Any CPU.Build.0 = Release|Any CPU
		{59B02FC5-3D57-4120-9B9D-81103F3600A4}.Debug|Any CPU.ActiveCfg = Debug|Any CPU
		{59B02FC5-3D57-4120-9B9D-81103F3600A4}.Debug|Any CPU.Build.0 = Debug|Any CPU
		{59B02FC5-3D57-4120-9B9D-81103F3600A4}.Release|Any CPU.ActiveCfg = Release|Any CPU
		{59B02FC5-3D57-4120-9B9D-81103F3600A4}.Release|Any CPU.Build.0 = Release|Any CPU
	EndGlobalSection
	GlobalSection(SolutionProperties) = preSolution
		HideSolutionNode = FALSE
	EndGlobalSection
EndGlobal
