
Microsoft Visual Studio Solution File, Format Version 10.00
# Visual Studio 2008
Project("{FAE04EC0-301F-11D3-BF4B-00C04F79EFBC}") = "ResourcesSample", "ResourcesSample\ResourcesSample.csproj", "{00326EE7-C4B0-4000-9A7B-40E11586E464}"
EndProject
Global
	GlobalSection(SolutionConfigurationPlatforms) = preSolution
		Debug|Any CPU = Debug|Any CPU
		Release|Any CPU = Release|Any CPU
	EndGlobalSection
	GlobalSection(ProjectConfigurationPlatforms) = postSolution
		{00326EE7-C4B0-4000-9A7B-40E11586E464}.Debug|Any CPU.ActiveCfg = Debug|Any CPU
		{00326EE7-C4B0-4000-9A7B-40E11586E464}.Debug|Any CPU.Build.0 = Debug|Any CPU
		{00326EE7-C4B0-4000-9A7B-40E11586E464}.Release|Any CPU.ActiveCfg = Release|Any CPU
		{00326EE7-C4B0-4000-9A7B-40E11586E464}.Release|Any CPU.Build.0 = Release|Any CPU
	EndGlobalSection
	GlobalSection(SolutionProperties) = preSolution
		HideSolutionNode = FALSE
	EndGlobalSection
EndGlobal
