
Microsoft Visual Studio Solution File, Format Version 9.00
# Visual Studio 2005
Project("{D183A3D8-5FD8-494B-B014-37F57B35E655}") = "Integration Services Project1", "Integration Services Project1\Integration Services Project1.dtproj", "{BCE044B9-D3DE-4935-B956-E696FAB8301E}"
EndProject
Global
	GlobalSection(SolutionConfigurationPlatforms) = preSolution
		Development|Default = Development|Default
	EndGlobalSection
	GlobalSection(ProjectConfigurationPlatforms) = postSolution
		{BCE044B9-D3DE-4935-B956-E696FAB8301E}.Development|Default.ActiveCfg = Development
		{BCE044B9-D3DE-4935-B956-E696FAB8301E}.Development|Default.Build.0 = Development
	EndGlobalSection
	GlobalSection(SolutionProperties) = preSolution
		HideSolutionNode = FALSE
	EndGlobalSection
EndGlobal
