
Microsoft Visual Studio Solution File, Format Version 10.00
# Visual Studio 2008
Project("{FAE04EC0-301F-11D3-BF4B-00C04F79EFBC}") = "GenericsClass", "GenericsClass\GenericsClass.csproj", "{6E723B37-5E37-4E5B-856A-4F06536408FD}"
EndProject
Global
	GlobalSection(SolutionConfigurationPlatforms) = preSolution
		Debug|Any CPU = Debug|Any CPU
		Release|Any CPU = Release|Any CPU
	EndGlobalSection
	GlobalSection(ProjectConfigurationPlatforms) = postSolution
		{6E723B37-5E37-4E5B-856A-4F06536408FD}.Debug|Any CPU.ActiveCfg = Debug|Any CPU
		{6E723B37-5E37-4E5B-856A-4F06536408FD}.Debug|Any CPU.Build.0 = Debug|Any CPU
		{6E723B37-5E37-4E5B-856A-4F06536408FD}.Release|Any CPU.ActiveCfg = Release|Any CPU
		{6E723B37-5E37-4E5B-856A-4F06536408FD}.Release|Any CPU.Build.0 = Release|Any CPU
	EndGlobalSection
	GlobalSection(SolutionProperties) = preSolution
		HideSolutionNode = FALSE
	EndGlobalSection
EndGlobal
