
Microsoft Visual Studio Solution File, Format Version 10.00
# Visual Studio 2008
Project("{FAE04EC0-301F-11D3-BF4B-00C04F79EFBC}") = "flowLayoutControl", "flowLayoutControl\flowLayoutControl.csproj", "{28BAB1DF-B0B6-451A-8000-F7E50C70D084}"
EndProject
Global
	GlobalSection(SolutionConfigurationPlatforms) = preSolution
		Debug|Any CPU = Debug|Any CPU
		Release|Any CPU = Release|Any CPU
	EndGlobalSection
	GlobalSection(ProjectConfigurationPlatforms) = postSolution
		{28BAB1DF-B0B6-451A-8000-F7E50C70D084}.Debug|Any CPU.ActiveCfg = Debug|Any CPU
		{28BAB1DF-B0B6-451A-8000-F7E50C70D084}.Debug|Any CPU.Build.0 = Debug|Any CPU
		{28BAB1DF-B0B6-451A-8000-F7E50C70D084}.Release|Any CPU.ActiveCfg = Release|Any CPU
		{28BAB1DF-B0B6-451A-8000-F7E50C70D084}.Release|Any CPU.Build.0 = Release|Any CPU
	EndGlobalSection
	GlobalSection(SolutionProperties) = preSolution
		HideSolutionNode = FALSE
	EndGlobalSection
EndGlobal
