
Microsoft Visual Studio Solution File, Format Version 10.00
# Visual Studio 2008
Project("{FAE04EC0-301F-11D3-BF4B-00C04F79EFBC}") = "FindWinControls", "FindWinControls\FindWinControls.csproj", "{59190D3E-25D3-4F4D-976D-69818D6586D2}"
EndProject
Global
	GlobalSection(SolutionConfigurationPlatforms) = preSolution
		Debug|Any CPU = Debug|Any CPU
		Release|Any CPU = Release|Any CPU
	EndGlobalSection
	GlobalSection(ProjectConfigurationPlatforms) = postSolution
		{59190D3E-25D3-4F4D-976D-69818D6586D2}.Debug|Any CPU.ActiveCfg = Debug|Any CPU
		{59190D3E-25D3-4F4D-976D-69818D6586D2}.Debug|Any CPU.Build.0 = Debug|Any CPU
		{59190D3E-25D3-4F4D-976D-69818D6586D2}.Release|Any CPU.ActiveCfg = Release|Any CPU
		{59190D3E-25D3-4F4D-976D-69818D6586D2}.Release|Any CPU.Build.0 = Release|Any CPU
	EndGlobalSection
	GlobalSection(SolutionProperties) = preSolution
		HideSolutionNode = FALSE
	EndGlobalSection
EndGlobal
