
Microsoft Visual Studio Solution File, Format Version 10.00
# Visual Studio 2008
Project("{FAE04EC0-301F-11D3-BF4B-00C04F79EFBC}") = "UseOfLabel", "UseOfLabel\UseOfLabel.csproj", "{BC4678A5-3D64-4CDD-B9BA-89B14A60A7ED}"
EndProject
Global
	GlobalSection(SolutionConfigurationPlatforms) = preSolution
		Debug|Any CPU = Debug|Any CPU
		Release|Any CPU = Release|Any CPU
	EndGlobalSection
	GlobalSection(ProjectConfigurationPlatforms) = postSolution
		{BC4678A5-3D64-4CDD-B9BA-89B14A60A7ED}.Debug|Any CPU.ActiveCfg = Debug|Any CPU
		{BC4678A5-3D64-4CDD-B9BA-89B14A60A7ED}.Debug|Any CPU.Build.0 = Debug|Any CPU
		{BC4678A5-3D64-4CDD-B9BA-89B14A60A7ED}.Release|Any CPU.ActiveCfg = Release|Any CPU
		{BC4678A5-3D64-4CDD-B9BA-89B14A60A7ED}.Release|Any CPU.Build.0 = Release|Any CPU
	EndGlobalSection
	GlobalSection(SolutionProperties) = preSolution
		HideSolutionNode = FALSE
	EndGlobalSection
EndGlobal
