
Microsoft Visual Studio Solution File, Format Version 10.00
# Visual Studio 2008
Project("{FAE04EC0-301F-11D3-BF4B-00C04F79EFBC}") = "DataGridEnhancement", "DataGridEnhancement\DataGridEnhancement.csproj", "{46645A5D-E128-4B05-B53B-15C4F2A2BA9B}"
EndProject
Global
	GlobalSection(SolutionConfigurationPlatforms) = preSolution
		Debug|Any CPU = Debug|Any CPU
		Release|Any CPU = Release|Any CPU
	EndGlobalSection
	GlobalSection(ProjectConfigurationPlatforms) = postSolution
		{46645A5D-E128-4B05-B53B-15C4F2A2BA9B}.Debug|Any CPU.ActiveCfg = Debug|Any CPU
		{46645A5D-E128-4B05-B53B-15C4F2A2BA9B}.Debug|Any CPU.Build.0 = Debug|Any CPU
		{46645A5D-E128-4B05-B53B-15C4F2A2BA9B}.Release|Any CPU.ActiveCfg = Release|Any CPU
		{46645A5D-E128-4B05-B53B-15C4F2A2BA9B}.Release|Any CPU.Build.0 = Release|Any CPU
	EndGlobalSection
	GlobalSection(SolutionProperties) = preSolution
		HideSolutionNode = FALSE
	EndGlobalSection
EndGlobal
