
Microsoft Visual Studio Solution File, Format Version 10.00
# Visual Studio 2008
Project("{FAE04EC0-301F-11D3-BF4B-00C04F79EFBC}") = "NotificationSample", "NotificationSample\NotificationSample.csproj", "{713ECC32-09AE-4BB8-A3DA-8FC48D9AC7C7}"
EndProject
Global
	GlobalSection(SolutionConfigurationPlatforms) = preSolution
		Debug|Any CPU = Debug|Any CPU
		Release|Any CPU = Release|Any CPU
	EndGlobalSection
	GlobalSection(ProjectConfigurationPlatforms) = postSolution
		{713ECC32-09AE-4BB8-A3DA-8FC48D9AC7C7}.Debug|Any CPU.ActiveCfg = Debug|Any CPU
		{713ECC32-09AE-4BB8-A3DA-8FC48D9AC7C7}.Debug|Any CPU.Build.0 = Debug|Any CPU
		{713ECC32-09AE-4BB8-A3DA-8FC48D9AC7C7}.Release|Any CPU.ActiveCfg = Release|Any CPU
		{713ECC32-09AE-4BB8-A3DA-8FC48D9AC7C7}.Release|Any CPU.Build.0 = Release|Any CPU
	EndGlobalSection
	GlobalSection(SolutionProperties) = preSolution
		HideSolutionNode = FALSE
	EndGlobalSection
EndGlobal
